// !$*UTF8*$!
{
	archiveVersion = 1;
	classes = {
	};
	objectVersion = 50;
	objects = {

/* Begin PBXBuildFile section */
		80192A9C255B62ED00452464 /* WeatherSwiftUIApp.swift in Sources */ = {isa = PBXBuildFile; fileRef = 80192A9B255B62ED00452464 /* WeatherSwiftUIApp.swift */; };
		80192A9E255B62ED00452464 /* ContentView.swift in Sources */ = {isa = PBXBuildFile; fileRef = 80192A9D255B62ED00452464 /* ContentView.swift */; };
		80192AA0255B62F200452464 /* Assets.xcassets in Resources */ = {isa = PBXBuildFile; fileRef = 80192A9F255B62F200452464 /* Assets.xcassets */; };
		80192AA3255B62F200452464 /* Preview Assets.xcassets in Resources */ = {isa = PBXBuildFile; fileRef = 80192AA2255B62F200452464 /* Preview Assets.xcassets */; };
		802338BF255DBFA400C4B7A5 /* LocationManager.swift in Sources */ = {isa = PBXBuildFile; fileRef = 802338BE255DBFA400C4B7A5 /* LocationManager.swift */; };
		804246C4255BB5D100C9D6B4 /* StringExtensions.swift in Sources */ = {isa = PBXBuildFile; fileRef = 804246C3255BB5D100C9D6B4 /* StringExtensions.swift */; };
		80C15D3D255D2BC70076C875 /* Double + Extensions.swift in Sources */ = {isa = PBXBuildFile; fileRef = 80C15D3C255D2BC70076C875 /* Double + Extensions.swift */; };
		80C15D40255D39820076C875 /* NameViewModel.swift in Sources */ = {isa = PBXBuildFile; fileRef = 80C15D3F255D39820076C875 /* NameViewModel.swift */; };
		80C15D43255D3A2D0076C875 /* NameResponse.swift in Sources */ = {isa = PBXBuildFile; fileRef = 80C15D42255D3A2D0076C875 /* NameResponse.swift */; };
		80C15D46255D3AC50076C875 /* NameService.swift in Sources */ = {isa = PBXBuildFile; fileRef = 80C15D45255D3AC50076C875 /* NameService.swift */; };
		80DE85B7255B68D800645C7C /* WeatherResponse.swift in Sources */ = {isa = PBXBuildFile; fileRef = 80DE85B6255B68D800645C7C /* WeatherResponse.swift */; };
		80DE85BC255B6BBF00645C7C /* WeatherService.swift in Sources */ = {isa = PBXBuildFile; fileRef = 80DE85BB255B6BBF00645C7C /* WeatherService.swift */; };
		80DE85C1255B6C3C00645C7C /* URL+Extensions.swift in Sources */ = {isa = PBXBuildFile; fileRef = 80DE85C0255B6C3C00645C7C /* URL+Extensions.swift */; };
		80DE85C6255B782E00645C7C /* WeatherViewModel.swift in Sources */ = {isa = PBXBuildFile; fileRef = 80DE85C5255B782E00645C7C /* WeatherViewModel.swift */; };
/* End PBXBuildFile section */

/* Begin PBXFileReference section */
		80192A98255B62ED00452464 /* WeatherSwiftUI.app */ = {isa = PBXFileReference; explicitFileType = wrapper.application; includeInIndex = 0; path = WeatherSwiftUI.app; sourceTree = BUILT_PRODUCTS_DIR; };
		80192A9B255B62ED00452464 /* WeatherSwiftUIApp.swift */ = {isa = PBXFileReference; lastKnownFileType = sourcecode.swift; path = WeatherSwiftUIApp.swift; sourceTree = "<group>"; };
		80192A9D255B62ED00452464 /* ContentView.swift */ = {isa = PBXFileReference; lastKnownFileType = sourcecode.swift; path = ContentView.swift; sourceTree = "<group>"; };
		80192A9F255B62F200452464 /* Assets.xcassets */ = {isa = PBXFileReference; lastKnownFileType = folder.assetcatalog; path = Assets.xcassets; sourceTree = "<group>"; };
		80192AA2255B62F200452464 /* Preview Assets.xcassets */ = {isa = PBXFileReference; lastKnownFileType = folder.assetcatalog; path = "Preview Assets.xcassets"; sourceTree = "<group>"; };
		80192AA4255B62F200452464 /* Info.plist */ = {isa = PBXFileReference; lastKnownFileType = text.plist.xml; path = Info.plist; sourceTree = "<group>"; };
		802338BE255DBFA400C4B7A5 /* LocationManager.swift */ = {isa = PBXFileReference; lastKnownFileType = sourcecode.swift; path = LocationManager.swift; sourceTree = "<group>"; };
		804246C3255BB5D100C9D6B4 /* StringExtensions.swift */ = {isa = PBXFileReference; lastKnownFileType = sourcecode.swift; path = StringExtensions.swift; sourceTree = "<group>"; };
		80C15D3C255D2BC70076C875 /* Double + Extensions.swift */ = {isa = PBXFileReference; lastKnownFileType = sourcecode.swift; path = "Double + Extensions.swift"; sourceTree = "<group>"; };
		80C15D3F255D39820076C875 /* NameViewModel.swift */ = {isa = PBXFileReference; lastKnownFileType = sourcecode.swift; path = NameViewModel.swift; sourceTree = "<group>"; };
		80C15D42255D3A2D0076C875 /* NameResponse.swift */ = {isa = PBXFileReference; lastKnownFileType = sourcecode.swift; path = NameResponse.swift; sourceTree = "<group>"; };
		80C15D45255D3AC50076C875 /* NameService.swift */ = {isa = PBXFileReference; lastKnownFileType = sourcecode.swift; path = NameService.swift; sourceTree = "<group>"; };
		80DE85B6255B68D800645C7C /* WeatherResponse.swift */ = {isa = PBXFileReference; lastKnownFileType = sourcecode.swift; path = WeatherResponse.swift; sourceTree = "<group>"; };
		80DE85BB255B6BBF00645C7C /* WeatherService.swift */ = {isa = PBXFileReference; lastKnownFileType = sourcecode.swift; path = WeatherService.swift; sourceTree = "<group>"; };
		80DE85C0255B6C3C00645C7C /* URL+Extensions.swift */ = {isa = PBXFileReference; lastKnownFileType = sourcecode.swift; path = "URL+Extensions.swift"; sourceTree = "<group>"; };
		80DE85C5255B782E00645C7C /* WeatherViewModel.swift */ = {isa = PBXFileReference; lastKnownFileType = sourcecode.swift; path = WeatherViewModel.swift; sourceTree = "<group>"; };
/* End PBXFileReference section */

/* Begin PBXFrameworksBuildPhase section */
		80192A95255B62ED00452464 /* Frameworks */ = {
			isa = PBXFrameworksBuildPhase;
			buildActionMask = 2147483647;
			files = (
			);
			runOnlyForDeploymentPostprocessing = 0;
		};
/* End PBXFrameworksBuildPhase section */

/* Begin PBXGroup section */
		80192A8F255B62ED00452464 = {
			isa = PBXGroup;
			children = (
				80192A9A255B62ED00452464 /* WeatherSwiftUI */,
				80192A99255B62ED00452464 /* Products */,
			);
			sourceTree = "<group>";
		};
		80192A99255B62ED00452464 /* Products */ = {
			isa = PBXGroup;
			children = (
				80192A98255B62ED00452464 /* WeatherSwiftUI.app */,
			);
			name = Products;
			sourceTree = "<group>";
		};
		80192A9A255B62ED00452464 /* WeatherSwiftUI */ = {
			isa = PBXGroup;
			children = (
				80DE85C4255B750900645C7C /* View Models */,
				80DE85BF255B6C2800645C7C /* Extensions */,
				80DE85BA255B6BA900645C7C /* Services */,
				80DE85B5255B68C600645C7C /* Models */,
				80192A9B255B62ED00452464 /* WeatherSwiftUIApp.swift */,
				80192A9D255B62ED00452464 /* ContentView.swift */,
				80192A9F255B62F200452464 /* Assets.xcassets */,
				80192AA4255B62F200452464 /* Info.plist */,
				80192AA1255B62F200452464 /* Preview Content */,
			);
			path = WeatherSwiftUI;
			sourceTree = "<group>";
		};
		80192AA1255B62F200452464 /* Preview Content */ = {
			isa = PBXGroup;
			children = (
				80192AA2255B62F200452464 /* Preview Assets.xcassets */,
			);
			path = "Preview Content";
			sourceTree = "<group>";
		};
		80DE85B5255B68C600645C7C /* Models */ = {
			isa = PBXGroup;
			children = (
				80DE85B6255B68D800645C7C /* WeatherResponse.swift */,
				80C15D42255D3A2D0076C875 /* NameResponse.swift */,
			);
			path = Models;
			sourceTree = "<group>";
		};
		80DE85BA255B6BA900645C7C /* Services */ = {
			isa = PBXGroup;
			children = (
				80DE85BB255B6BBF00645C7C /* WeatherService.swift */,
				80C15D45255D3AC50076C875 /* NameService.swift */,
			);
			path = Services;
			sourceTree = "<group>";
		};
		80DE85BF255B6C2800645C7C /* Extensions */ = {
			isa = PBXGroup;
			children = (
				80DE85C0255B6C3C00645C7C /* URL+Extensions.swift */,
				804246C3255BB5D100C9D6B4 /* StringExtensions.swift */,
				80C15D3C255D2BC70076C875 /* Double + Extensions.swift */,
				802338BE255DBFA400C4B7A5 /* LocationManager.swift */,
			);
			path = Extensions;
			sourceTree = "<group>";
		};
		80DE85C4255B750900645C7C /* View Models */ = {
			isa = PBXGroup;
			children = (
				80DE85C5255B782E00645C7C /* WeatherViewModel.swift */,
				80C15D3F255D39820076C875 /* NameViewModel.swift */,
			);
			path = "View Models";
			sourceTree = "<group>";
		};
/* End PBXGroup section */

/* Begin PBXNativeTarget section */
		80192A97255B62ED00452464 /* WeatherSwiftUI */ = {
			isa = PBXNativeTarget;
			buildConfigurationList = 80192AA7255B62F200452464 /* Build configuration list for PBXNativeTarget "WeatherSwiftUI" */;
			buildPhases = (
				80192A94255B62ED00452464 /* Sources */,
				80192A95255B62ED00452464 /* Frameworks */,
				80192A96255B62ED00452464 /* Resources */,
			);
			buildRules = (
			);
			dependencies = (
			);
			name = WeatherSwiftUI;
			productName = WeatherSwiftUI;
			productReference = 80192A98255B62ED00452464 /* WeatherSwiftUI.app */;
			productType = "com.apple.product-type.application";
		};
/* End PBXNativeTarget section */

/* Begin PBXProject section */
		80192A90255B62ED00452464 /* Project object */ = {
			isa = PBXProject;
			attributes = {
				LastSwiftUpdateCheck = 1200;
				LastUpgradeCheck = 1200;
				TargetAttributes = {
					80192A97255B62ED00452464 = {
						CreatedOnToolsVersion = 12.0.1;
					};
				};
			};
			buildConfigurationList = 80192A93255B62ED00452464 /* Build configuration list for PBXProject "WeatherSwiftUI" */;
			compatibilityVersion = "Xcode 9.3";
			developmentRegion = en;
			hasScannedForEncodings = 0;
			knownRegions = (
				en,
				Base,
			);
			mainGroup = 80192A8F255B62ED00452464;
			productRefGroup = 80192A99255B62ED00452464 /* Products */;
			projectDirPath = "";
			projectRoot = "";
			targets = (
				80192A97255B62ED00452464 /* WeatherSwiftUI */,
			);
		};
/* End PBXProject section */

/* Begin PBXResourcesBuildPhase section */
		80192A96255B62ED00452464 /* Resources */ = {
			isa = PBXResourcesBuildPhase;
			buildActionMask = 2147483647;
			files = (
				80192AA3255B62F200452464 /* Preview Assets.xcassets in Resources */,
				80192AA0255B62F200452464 /* Assets.xcassets in Resources */,
			);
			runOnlyForDeploymentPostprocessing = 0;
		};
/* End PBXResourcesBuildPhase section */

/* Begin PBXSourcesBuildPhase section */
		80192A94255B62ED00452464 /* Sources */ = {
			isa = PBXSourcesBuildPhase;
			buildActionMask = 2147483647;
			files = (
				80DE85BC255B6BBF00645C7C /* WeatherService.swift in Sources */,
				80DE85C6255B782E00645C7C /* WeatherViewModel.swift in Sources */,
				80C15D3D255D2BC70076C875 /* Double + Extensions.swift in Sources */,
				80192A9E255B62ED00452464 /* ContentView.swift in Sources */,
				804246C4255BB5D100C9D6B4 /* StringExtensions.swift in Sources */,
				80C15D46255D3AC50076C875 /* NameService.swift in Sources */,
				80C15D40255D39820076C875 /* NameViewModel.swift in Sources */,
				80DE85C1255B6C3C00645C7C /* URL+Extensions.swift in Sources */,
				802338BF255DBFA400C4B7A5 /* LocationManager.swift in Sources */,
				80DE85B7255B68D800645C7C /* WeatherResponse.swift in Sources */,
				80192A9C255B62ED00452464 /* WeatherSwiftUIApp.swift in Sources */,
				80C15D43255D3A2D0076C875 /* NameResponse.swift in Sources */,
			);
			runOnlyForDeploymentPostprocessing = 0;
		};
/* End PBXSourcesBuildPhase section */

/* Begin XCBuildConfiguration section */
		80192AA5255B62F200452464 /* Debug */ = {
			isa = XCBuildConfiguration;
			buildSettings = {
				ALWAYS_SEARCH_USER_PATHS = NO;
				CLANG_ANALYZER_NONNULL = YES;
				CLANG_ANALYZER_NUMBER_OBJECT_CONVERSION = YES_AGGRESSIVE;
				CLANG_CXX_LANGUAGE_STANDARD = "gnu++14";
				CLANG_CXX_LIBRARY = "libc++";
				CLANG_ENABLE_MODULES = YES;
				CLANG_ENABLE_OBJC_ARC = YES;
				CLANG_ENABLE_OBJC_WEAK = YES;
				CLANG_WARN_BLOCK_CAPTURE_AUTORELEASING = YES;
				CLANG_WARN_BOOL_CONVERSION = YES;
				CLANG_WARN_COMMA = YES;
				CLANG_WARN_CONSTANT_CONVERSION = YES;
				CLANG_WARN_DEPRECATED_OBJC_IMPLEMENTATIONS = YES;
				CLANG_WARN_DIRECT_OBJC_ISA_USAGE = YES_ERROR;
				CLANG_WARN_DOCUMENTATION_COMMENTS = YES;
				CLANG_WARN_EMPTY_BODY = YES;
				CLANG_WARN_ENUM_CONVERSION = YES;
				CLANG_WARN_INFINITE_RECURSION = YES;
				CLANG_WARN_INT_CONVERSION = YES;
				CLANG_WARN_NON_LITERAL_NULL_CONVERSION = YES;
				CLANG_WARN_OBJC_IMPLICIT_RETAIN_SELF = YES;
				CLANG_WARN_OBJC_LITERAL_CONVERSION = YES;
				CLANG_WARN_OBJC_ROOT_CLASS = YES_ERROR;
				CLANG_WARN_QUOTED_INCLUDE_IN_FRAMEWORK_HEADER = YES;
				CLANG_WARN_RANGE_LOOP_ANALYSIS = YES;
				CLANG_WARN_STRICT_PROTOTYPES = YES;
				CLANG_WARN_SUSPICIOUS_MOVE = YES;
				CLANG_WARN_UNGUARDED_AVAILABILITY = YES_AGGRESSIVE;
				CLANG_WARN_UNREACHABLE_CODE = YES;
				CLANG_WARN__DUPLICATE_METHOD_MATCH = YES;
				COPY_PHASE_STRIP = NO;
				DEBUG_INFORMATION_FORMAT = dwarf;
				ENABLE_STRICT_OBJC_MSGSEND = YES;
				ENABLE_TESTABILITY = YES;
				GCC_C_LANGUAGE_STANDARD = gnu11;
				GCC_DYNAMIC_NO_PIC = NO;
				GCC_NO_COMMON_BLOCKS = YES;
				GCC_OPTIMIZATION_LEVEL = 0;
				GCC_PREPROCESSOR_DEFINITIONS = (
					"DEBUG=1",
					"$(inherited)",
				);
				GCC_WARN_64_TO_32_BIT_CONVERSION = YES;
				GCC_WARN_ABOUT_RETURN_TYPE = YES_ERROR;
				GCC_WARN_UNDECLARED_SELECTOR = YES;
				GCC_WARN_UNINITIALIZED_AUTOS = YES_AGGRESSIVE;
				GCC_WARN_UNUSED_FUNCTION = YES;
				GCC_WARN_UNUSED_VARIABLE = YES;
				IPHONEOS_DEPLOYMENT_TARGET = 14.0;
				MTL_ENABLE_DEBUG_INFO = INCLUDE_SOURCE;
				MTL_FAST_MATH = YES;
				ONLY_ACTIVE_ARCH = YES;
				SDKROOT = iphoneos;
				SWIFT_ACTIVE_COMPILATION_CONDITIONS = DEBUG;
				SWIFT_OPTIMIZATION_LEVEL = "-Onone";
			};
			name = Debug;
		};
		80192AA6255B62F200452464 /* Release */ = {
			isa = XCBuildConfiguration;
			buildSettings = {
				ALWAYS_SEARCH_USER_PATHS = NO;
				CLANG_ANALYZER_NONNULL = YES;
				CLANG_ANALYZER_NUMBER_OBJECT_CONVERSION = YES_AGGRESSIVE;
				CLANG_CXX_LANGUAGE_STANDARD = "gnu++14";
				CLANG_CXX_LIBRARY = "libc++";
				CLANG_ENABLE_MODULES = YES;
				CLANG_ENABLE_OBJC_ARC = YES;
				CLANG_ENABLE_OBJC_WEAK = YES;
				CLANG_WARN_BLOCK_CAPTURE_AUTORELEASING = YES;
				CLANG_WARN_BOOL_CONVERSION = YES;
				CLANG_WARN_COMMA = YES;
				CLANG_WARN_CONSTANT_CONVERSION = YES;
				CLANG_WARN_DEPRECATED_OBJC_IMPLEMENTATIONS = YES;
				CLANG_WARN_DIRECT_OBJC_ISA_USAGE = YES_ERROR;
				CLANG_WARN_DOCUMENTATION_COMMENTS = YES;
				CLANG_WARN_EMPTY_BODY = YES;
				CLANG_WARN_ENUM_CONVERSION = YES;
				CLANG_WARN_INFINITE_RECURSION = YES;
				CLANG_WARN_INT_CONVERSION = YES;
				CLANG_WARN_NON_LITERAL_NULL_CONVERSION = YES;
				CLANG_WARN_OBJC_IMPLICIT_RETAIN_SELF = YES;
				CLANG_WARN_OBJC_LITERAL_CONVERSION = YES;
				CLANG_WARN_OBJC_ROOT_CLASS = YES_ERROR;
				CLANG_WARN_QUOTED_INCLUDE_IN_FRAMEWORK_HEADER = YES;
				CLANG_WARN_RANGE_LOOP_ANALYSIS = YES;
				CLANG_WARN_STRICT_PROTOTYPES = YES;
				CLANG_WARN_SUSPICIOUS_MOVE = YES;
				CLANG_WARN_UNGUARDED_AVAILABILITY = YES_AGGRESSIVE;
				CLANG_WARN_UNREACHABLE_CODE = YES;
				CLANG_WARN__DUPLICATE_METHOD_MATCH = YES;
				COPY_PHASE_STRIP = NO;
				DEBUG_INFORMATION_FORMAT = "dwarf-with-dsym";
				ENABLE_NS_ASSERTIONS = NO;
				ENABLE_STRICT_OBJC_MSGSEND = YES;
				GCC_C_LANGUAGE_STANDARD = gnu11;
				GCC_NO_COMMON_BLOCKS = YES;
				GCC_WARN_64_TO_32_BIT_CONVERSION = YES;
				GCC_WARN_ABOUT_RETURN_TYPE = YES_ERROR;
				GCC_WARN_UNDECLARED_SELECTOR = YES;
				GCC_WARN_UNINITIALIZED_AUTOS = YES_AGGRESSIVE;
				GCC_WARN_UNUSED_FUNCTION = YES;
				GCC_WARN_UNUSED_VARIABLE = YES;
				IPHONEOS_DEPLOYMENT_TARGET = 14.0;
				MTL_ENABLE_DEBUG_INFO = NO;
				MTL_FAST_MATH = YES;
				SDKROOT = iphoneos;
				SWIFT_COMPILATION_MODE = wholemodule;
				SWIFT_OPTIMIZATION_LEVEL = "-O";
				VALIDATE_PRODUCT = YES;
			};
			name = Release;
		};
		80192AA8255B62F200452464 /* Debug */ = {
			isa = XCBuildConfiguration;
			buildSettings = {
				ASSETCATALOG_COMPILER_APPICON_NAME = AppIcon;
				ASSETCATALOG_COMPILER_GLOBAL_ACCENT_COLOR_NAME = AccentColor;
				CODE_SIGN_STYLE = Automatic;
				DEVELOPMENT_ASSET_PATHS = "\"WeatherSwiftUI/Preview Content\"";
				ENABLE_PREVIEWS = YES;
				INFOPLIST_FILE = WeatherSwiftUI/Info.plist;
				IPHONEOS_DEPLOYMENT_TARGET = 14.0;
				LD_RUNPATH_SEARCH_PATHS = (
					"$(inherited)",
					"@executable_path/Frameworks",
				);
				PRODUCT_BUNDLE_IDENTIFIER = com.patrickrz.WeatherSwiftUI;
				PRODUCT_NAME = "$(TARGET_NAME)";
				SWIFT_VERSION = 5.0;
				TARGETED_DEVICE_FAMILY = "1,2";
			};
			name = Debug;
		};
		80192AA9255B62F200452464 /* Release */ = {
			isa = XCBuildConfiguration;
			buildSettings = {
				ASSETCATALOG_COMPILER_APPICON_NAME = AppIcon;
				ASSETCATALOG_COMPILER_GLOBAL_ACCENT_COLOR_NAME = AccentColor;
				CODE_SIGN_STYLE = Automatic;
				DEVELOPMENT_ASSET_PATHS = "\"WeatherSwiftUI/Preview Content\"";
				ENABLE_PREVIEWS = YES;
				INFOPLIST_FILE = WeatherSwiftUI/Info.plist;
				IPHONEOS_DEPLOYMENT_TARGET = 14.0;
				LD_RUNPATH_SEARCH_PATHS = (
					"$(inherited)",
					"@executable_path/Frameworks",
				);
				PRODUCT_BUNDLE_IDENTIFIER = com.patrickrz.WeatherSwiftUI;
				PRODUCT_NAME = "$(TARGET_NAME)";
				SWIFT_VERSION = 5.0;
				TARGETED_DEVICE_FAMILY = "1,2";
			};
			name = Release;
		};
/* End XCBuildConfiguration section */

/* Begin XCConfigurationList section */
		80192A93255B62ED00452464 /* Build configuration list for PBXProject "WeatherSwiftUI" */ = {
			isa = XCConfigurationList;
			buildConfigurations = (
				80192AA5255B62F200452464 /* Debug */,
				80192AA6255B62F200452464 /* Release */,
			);
			defaultConfigurationIsVisible = 0;
			defaultConfigurationName = Release;
		};
		80192AA7255B62F200452464 /* Build configuration list for PBXNativeTarget "WeatherSwiftUI" */ = {
			isa = XCConfigurationList;
			buildConfigurations = (
				80192AA8255B62F200452464 /* Debug */,
				80192AA9255B62F200452464 /* Release */,
			);
			defaultConfigurationIsVisible = 0;
			defaultConfigurationName = Release;
		};
/* End XCConfigurationList section */
	};
	rootObject = 80192A90255B62ED00452464 /* Project object */;
}
